lockfileVersion: 5.3

specifiers:
  '@reasonml-community/graphql-ppx': ^1.2.0
  bs-fetch: ^0.6.2
  bs-platform: ^9.0.2
  formdata-polyfill: ^3.0.20
  isomorphic-fetch: ^3.0.0

dependencies:
  bs-fetch: 0.6.2
  formdata-polyfill: 3.0.20
  isomorphic-fetch: 3.0.0

devDependencies:
  '@reasonml-community/graphql-ppx': 1.2.0_bs-platform@9.0.2
  bs-platform: 9.0.2

packages:

  /@reasonml-community/graphql-ppx/1.2.0_bs-platform@9.0.2:
    resolution: {integrity: sha512-CKTzl/DZNT0QgpKjpi0Fij2R4r9c/oT+M8mEWYnNidaLDcFX7ZfcvmJA4ZhPYXRD6AGUO3cS1zQOJZSuJHKogQ==}
    requiresBuild: true
    peerDependencies:
      bs-platform: ^8.1.0
    dependencies:
      bs-platform: 9.0.2
    dev: true

  /bs-fetch/0.6.2:
    resolution: {integrity: sha512-VXEjp8kY3vHPckaoy3d96Bx0KYjJAPLNISBwfpwMN26K6DtuZYwI2HKhx7zeHBajz1bRArfx7O8OOLcdtujMvg==}
    dev: false

  /bs-platform/9.0.2:
    resolution: {integrity: sha512-Ye9JqJ4Oa7mcjjoOVRYI8Uc2Cf8N7jQLWDcdUplY7996d/YErSR7WitmV7XnSwr4EvdrbwjEsg1NxNjUQv3ChA==}
    hasBin: true
    requiresBuild: true
    dev: true

  /formdata-polyfill/3.0.20:
    resolution: {integrity: sha512-TAaxIEwTBdoH1TWndtUH1T0/GisUHwmOKcV5hjkR/iTatHBJSOHb563FP86Lra5nXo3iNdhK7HPwMl5Ihg71pg==}
    dev: false

  /isomorphic-fetch/3.0.0:
    resolution: {integrity: sha512-qvUtwJ3j6qwsF3jLxkZ72qCgjMysPzDfeV240JHiGZsANBYd+EEuu35v7dfrJ9Up0Ak07D7GGSkGhCHTqg/5wA==}
    dependencies:
      node-fetch: 2.6.1
      whatwg-fetch: 3.6.2
    dev: false

  /node-fetch/2.6.1:
    resolution: {integrity: sha512-V4aYg89jEoVRxRb2fJdAg8FHvI7cEyYdVAh94HH0UIK8oJxUfkjlDQN9RbMx+bEjP7+ggMiFRprSti032Oipxw==}
    engines: {node: 4.x || >=6.0.0}
    dev: false

  /whatwg-fetch/3.6.2:
    resolution: {integrity: sha512-bJlen0FcuU/0EMLrdbJ7zOnW6ITZLrZMIarMUVmdKtsGvZna8vxKYaexICWPfZ8qwf9fzNq+UEIZrnSaApt6RA==}
    dev: false
